
Microsoft Visual Studio Solution File, Format Version 12.00
# Visual Studio Version 17
VisualStudioVersion = 17.0.31903.59
MinimumVisualStudioVersion = 10.0.40219.1
Project("{FAE04EC0-301F-11D3-BF4B-00C04F79EFBC}") = "HelloAI", "HelloAI\HelloAI.csproj", "{984A77C5-A4CE-4245-A482-476BA784FB94}"
EndProject
Project("{FAE04EC0-301F-11D3-BF4B-00C04F79EFBC}") = "TorchLib", "TensorLib\TensorLib.csproj", "{3BADD363-8DC3-469E-9CB0-31DF764C2270}"
EndProject
Project("{FAE04EC0-301F-11D3-BF4B-00C04F79EFBC}") = "TorchLib.UnitTests", "TensorLib.UnitTests\TensorLib.UnitTests.csproj", "{67F878AF-5B18-48AC-BA91-54971EDB1508}"
EndProject
Global
	GlobalSection(SolutionConfigurationPlatforms) = preSolution
		Debug|Any CPU = Debug|Any CPU
		Release|Any CPU = Release|Any CPU
	EndGlobalSection
	GlobalSection(SolutionProperties) = preSolution
		HideSolutionNode = FALSE
	EndGlobalSection
	GlobalSection(ProjectConfigurationPlatforms) = postSolution
		{984A77C5-A4CE-4245-A482-476BA784FB94}.Debug|Any CPU.ActiveCfg = Debug|Any CPU
		{984A77C5-A4CE-4245-A482-476BA784FB94}.Debug|Any CPU.Build.0 = Debug|Any CPU
		{984A77C5-A4CE-4245-A482-476BA784FB94}.Release|Any CPU.ActiveCfg = Release|Any CPU
		{984A77C5-A4CE-4245-A482-476BA784FB94}.Release|Any CPU.Build.0 = Release|Any CPU
		{3BADD363-8DC3-469E-9CB0-31DF764C2270}.Debug|Any CPU.ActiveCfg = Debug|Any CPU
		{3BADD363-8DC3-469E-9CB0-31DF764C2270}.Debug|Any CPU.Build.0 = Debug|Any CPU
		{3BADD363-8DC3-469E-9CB0-31DF764C2270}.Release|Any CPU.ActiveCfg = Release|Any CPU
		{3BADD363-8DC3-469E-9CB0-31DF764C2270}.Release|Any CPU.Build.0 = Release|Any CPU
		{67F878AF-5B18-48AC-BA91-54971EDB1508}.Debug|Any CPU.ActiveCfg = Debug|Any CPU
		{67F878AF-5B18-48AC-BA91-54971EDB1508}.Debug|Any CPU.Build.0 = Debug|Any CPU
		{67F878AF-5B18-48AC-BA91-54971EDB1508}.Release|Any CPU.ActiveCfg = Release|Any CPU
		{67F878AF-5B18-48AC-BA91-54971EDB1508}.Release|Any CPU.Build.0 = Release|Any CPU
	EndGlobalSection
EndGlobal
